{
  "object": {
    "pins": [
      {
        "package": "Alamofire",
        "repositoryURL": "https://github.com/Alamofire/Alamofire.git",
        "state": {
          "branch": null,
          "revision": "447e3fb62233c2fb41d6bb9ddeacd00d2ac1cc60",
          "version": "5.0.0-beta.1"
        }
      }
    ]
  },
  "version": 1
}
